
Microsoft Visual Studio Solution File, Format Version 12.00
# Visual Studio Version 17
VisualStudioVersion = 17.11.35219.272
MinimumVisualStudioVersion = 10.0.40219.1
Project("{FAE04EC0-301F-11D3-BF4B-00C04F79EFBC}") = "btbuoi3", "btbuoi3\btbuoi3.csproj", "{7F78DAC9-7DEF-4E0C-BCC4-6C4ABE18D0EC}"
EndProject
Global
	GlobalSection(SolutionConfigurationPlatforms) = preSolution
		Debug|Any CPU = Debug|Any CPU
		Release|Any CPU = Release|Any CPU
	EndGlobalSection
	GlobalSection(ProjectConfigurationPlatforms) = postSolution
		{7F78DAC9-7DEF-4E0C-BCC4-6C4ABE18D0EC}.Debug|Any CPU.ActiveCfg = Debug|Any CPU
		{7F78DAC9-7DEF-4E0C-BCC4-6C4ABE18D0EC}.Debug|Any CPU.Build.0 = Debug|Any CPU
		{7F78DAC9-7DEF-4E0C-BCC4-6C4ABE18D0EC}.Release|Any CPU.ActiveCfg = Release|Any CPU
		{7F78DAC9-7DEF-4E0C-BCC4-6C4ABE18D0EC}.Release|Any CPU.Build.0 = Release|Any CPU
	EndGlobalSection
	GlobalSection(SolutionProperties) = preSolution
		HideSolutionNode = FALSE
	EndGlobalSection
	GlobalSection(ExtensibilityGlobals) = postSolution
		SolutionGuid = {1D5AFA32-0893-4EC2-B39C-E916DE2D005B}
	EndGlobalSection
EndGlobal
